<?xml version="1.0" encoding="utf-8"?>
<Project ToolsVersion="4.0" xmlns="http://schemas.microsoft.com/developer/msbuild/2003">
  <ItemGroup>
    <Filter Include="Fichiers sources">
      <UniqueIdentifier>{4FC737F1-C7A5-4376-A066-2A32D752A2FF}</UniqueIdentifier>
      <Extensions>cpp;c;cc;cxx;c++;cppm;ixx;def;odl;idl;hpj;bat;asm;asmx</Extensions>
    </Filter>
    <Filter Include="Fichiers d%27en-tête">
      <UniqueIdentifier>{93995380-89BD-4b04-88EB-625FBE52EBFB}</UniqueIdentifier>
      <Extensions>h;hh;hpp;hxx;h++;hm;inl;inc;ipp;xsd</Extensions>
    </Filter>
    <Filter Include="Fichiers de ressources">
      <UniqueIdentifier>{67DA6AB6-F800-4c08-8B7A-83BB121AAD01}</UniqueIdentifier>
      <Extensions>rc;ico;cur;bmp;dlg;rc2;rct;bin;rgs;gif;jpg;jpeg;jpe;resx;tiff;tif;png;wav;mfcribbon-ms</Extensions>
    </Filter>
    <Filter Include="Fichiers sources\CoreGameFramework">
      <UniqueIdentifier>{3e49c0c0-4652-4439-aca6-8f9f8ebb2228}</UniqueIdentifier>
    </Filter>
    <Filter Include="Fichiers sources\CoreGameFramework\Public">
      <UniqueIdentifier>{1c58c335-a778-4bab-b9d2-9d0d57b2c7f7}</UniqueIdentifier>
    </Filter>
    <Filter Include="Fichiers sources\CoreGameFramework\Private">
      <UniqueIdentifier>{a019aae7-2c4f-46bb-b1c1-152008e3da7e}</UniqueIdentifier>
    </Filter>
  </ItemGroup>
  <ItemGroup>
    <ClInclude Include="main.h">
      <Filter>Fichiers d%27en-tête</Filter>
    </ClInclude>
    <ClInclude Include="Source\CoreGameFramework\Public\CoreGame.h">
      <Filter>Fichiers sources\CoreGameFramework\Public</Filter>
    </ClInclude>
  </ItemGroup>
  <ItemGroup>
    <ClCompile Include="main.cpp">
      <Filter>Fichiers sources</Filter>
    </ClCompile>
    <ClCompile Include="Source\CoreGameFramework\Private\CoreGame.cpp">
      <Filter>Fichiers sources\CoreGameFramework\Private</Filter>
    </ClCompile>
  </ItemGroup>
</Project>